
Microsoft Visual Studio Solution File, Format Version 12.00
# Visual Studio 2012
Project("{FAE04EC0-301F-11D3-BF4B-00C04F79EFBC}") = "TortugaTeam.XamarinLauncher", "TortugaTeam.XamarinLauncher\TortugaTeam.XamarinLauncher.csproj", "{AD48B4FF-3A2A-4663-A4CA-D36BAAAA6A45}"
EndProject
Project("{FAE04EC0-301F-11D3-BF4B-00C04F79EFBC}") = "TortugaTeam.XamarinAddin", "TortugaTeam.XamarinAddin\TortugaTeam.XamarinAddin.csproj", "{8AC343E1-1662-4681-9352-2F392435F112}"
EndProject
Global
	GlobalSection(SolutionConfigurationPlatforms) = preSolution
		Debug|Any CPU = Debug|Any CPU
		Release|Any CPU = Release|Any CPU
	EndGlobalSection
	GlobalSection(ProjectConfigurationPlatforms) = postSolution
		{8AC343E1-1662-4681-9352-2F392435F112}.Debug|Any CPU.ActiveCfg = Debug|Any CPU
		{8AC343E1-1662-4681-9352-2F392435F112}.Debug|Any CPU.Build.0 = Debug|Any CPU
		{8AC343E1-1662-4681-9352-2F392435F112}.Release|Any CPU.ActiveCfg = Release|Any CPU
		{8AC343E1-1662-4681-9352-2F392435F112}.Release|Any CPU.Build.0 = Release|Any CPU
		{AD48B4FF-3A2A-4663-A4CA-D36BAAAA6A45}.Debug|Any CPU.ActiveCfg = Debug|Any CPU
		{AD48B4FF-3A2A-4663-A4CA-D36BAAAA6A45}.Debug|Any CPU.Build.0 = Debug|Any CPU
		{AD48B4FF-3A2A-4663-A4CA-D36BAAAA6A45}.Release|Any CPU.ActiveCfg = Release|Any CPU
		{AD48B4FF-3A2A-4663-A4CA-D36BAAAA6A45}.Release|Any CPU.Build.0 = Release|Any CPU
	EndGlobalSection
	GlobalSection(MonoDevelopProperties) = preSolution
		StartupItem = TortugaTeam.XamarinLauncher\TortugaTeam.XamarinLauncher.csproj
	EndGlobalSection
	GlobalSection(SolutionProperties) = preSolution
		HideSolutionNode = FALSE
	EndGlobalSection
EndGlobal
